Microsoft Visual Studio Solution File, Format Version 8.00
Project("{8BC9CEB8-8B4A-11D0-8D11-00A0C91BC942}") = "OOMake", "OOMake_vc71.vcproj", "{A269E3D8-E50B-4A9E-B7C0-052671CF1185}"
	ProjectSection(ProjectDependencies) = postProject
	EndProjectSection
EndProject
Global
	GlobalSection(SolutionConfiguration) = preSolution
		Debug = Debug
		Release = Release
	EndGlobalSection
	GlobalSection(ProjectConfiguration) = postSolution
		{A269E3D8-E50B-4A9E-B7C0-052671CF1185}.Debug.ActiveCfg = Debug|Win32
		{A269E3D8-E50B-4A9E-B7C0-052671CF1185}.Debug.Build.0 = Debug|Win32
		{A269E3D8-E50B-4A9E-B7C0-052671CF1185}.Release.ActiveCfg = Release|Win32
		{A269E3D8-E50B-4A9E-B7C0-052671CF1185}.Release.Build.0 = Release|Win32
	EndGlobalSection
	GlobalSection(ExtensibilityGlobals) = postSolution
	EndGlobalSection
	GlobalSection(ExtensibilityAddIns) = postSolution
	EndGlobalSection
EndGlobal
