<?xml version="1.0" encoding="UTF-8" standalone="yes" ?>
<CodeBlocks_project_file>
	<FileVersion major="1" minor="6" />
	<Project>
		<Option title="CoreTests" />
		<Option pch_mode="2" />
		<Option compiler="gcc" />
		<Build>
			<Target title="Debug Win32">
				<Option platforms="Windows;" />
				<Option output="..\..\bin\debug\CoreTests_mingw" prefix_auto="1" extension_auto="1" />
				<Option object_output="Debug" />
				<Option type="1" />
				<Option compiler="gcc" />
				<Compiler>
					<Add option="-W" />
					<Add option="-g" />
					<Add option="-O0" />
					<Add option="-DHAVE_CONFIG_H" />
					<Add option="-DOMEGA_DEBUG" />
					<Add directory="..\..\include" />
					<Add directory="..\..\src" />
				</Compiler>
				<Linker>
					<Add library="..\..\bin\debug\OOCore.dll" />
				</Linker>
			</Target>
			<Target title="Release Win32">
				<Option platforms="Windows;" />
				<Option output="..\..\bin\CoreTests_mingw" prefix_auto="1" extension_auto="1" />
				<Option object_output="Release" />
				<Option type="1" />
				<Option compiler="gcc" />
				<Option use_console_runner="0" />
				<Compiler>
					<Add option="-O3" />
					<Add option="-W" />
					<Add option="-DHAVE_CONFIG_H" />
					<Add option="-DNDEBUG" />
					<Add directory="..\..\include" />
					<Add directory="..\..\src" />
				</Compiler>
				<ResourceCompiler>
					<Add directory="..\..\include" />
					<Add directory="..\..\src" />
				</ResourceCompiler>
			</Target>
		</Build>
		<Unit filename="Test.h" />
		<Unit filename="apartment.cpp" />
		<Unit filename="core.cpp" />
		<Unit filename="interfaces.cpp" />
		<Unit filename="interfaces.h" />
		<Unit filename="main.cpp" />
		<Unit filename="net.cpp" />
		<Unit filename="registry.cpp" />
		<Unit filename="strings.cpp" />
		<Extensions>
			<code_completion />
			<debugger />
		</Extensions>
	</Project>
</CodeBlocks_project_file>
