<?xml version="1.0" encoding="UTF-8" standalone="yes" ?>
<CodeBlocks_project_file>
	<FileVersion major="1" minor="6" />
	<Project>
		<Option title="OOServer" />
		<Option pch_mode="2" />
		<Option compiler="gcc" />
		<Build>
			<Target title="Debug Win32">
				<Option platforms="Windows;" />
				<Option output="..\..\bin\debug\OOServer" prefix_auto="1" extension_auto="1" />
				<Option object_output="Debug_Root" />
				<Option type="1" />
				<Option compiler="gcc" />
				<Option use_console_runner="0" />
				<Compiler>
					<Add option="-Wall" />
					<Add option="-g" />
					<Add option="-O0" />
					<Add option="-mthreads" />
					<Add option="-DHAVE_CONFIG_H" />
					<Add option="-DHAVE_SQLITE3_AMALGAMATION" />
					<Add option="-DOMEGA_DEBUG" />
					<Add directory="..\..\include" />
					<Add directory="D:\sqlite3" />
				</Compiler>
				<Linker>
					<Add option="-mthreads" />
					<Add library="..\OOBase\Debug\liboosvrbase.a" />
					<Add library="..\OOBase\Debug\liboobase.a" />
					<Add library="shlwapi" />
					<Add library="Userenv" />
					<Add library="Netapi32" />
				</Linker>
			</Target>
			<Target title="Release Win32">
				<Option platforms="Windows;" />
				<Option output="..\..\bin\OOServer" prefix_auto="1" extension_auto="1" />
				<Option object_output="Release_Root" />
				<Option type="1" />
				<Option compiler="gcc" />
				<Option use_console_runner="0" />
				<Compiler>
					<Add option="-O3" />
					<Add option="-Wall" />
					<Add option="-mthreads" />
					<Add option="-DHAVE_CONFIG_H" />
					<Add option="-DHAVE_SQLITE3_AMALGAMATION" />
					<Add option="-DNDEBUG" />
					<Add directory="..\..\include" />
					<Add directory="D:\sqlite3" />
				</Compiler>
				<Linker>
					<Add option="-mthreads" />
					<Add library="shlwapi" />
					<Add library="Userenv" />
					<Add library="Netapi32" />
				</Linker>
			</Target>
		</Build>
		<Unit filename="..\Common\Version.h" />
		<Unit filename="ClientAcceptor.cpp" />
		<Unit filename="ClientAcceptor.h" />
		<Unit filename="Database.cpp" />
		<Unit filename="Database.h" />
		<Unit filename="DebuggerWin32.cpp" />
		<Unit filename="MessageConnection.cpp" />
		<Unit filename="MessageConnection.h" />
		<Unit filename="OOServer.rc">
			<Option compilerVar="WINDRES" />
		</Unit>
		<Unit filename="OOServer_Root.h" />
		<Unit filename="OOServer_msgs.mc" />
		<Unit filename="Protocol.h" />
		<Unit filename="RegistryHive.cpp" />
		<Unit filename="RegistryHive.h" />
		<Unit filename="RootMain.cpp" />
		<Unit filename="RootManager.cpp" />
		<Unit filename="RootManager.h" />
		<Unit filename="RootRegistry.cpp" />
		<Unit filename="RootWin32.cpp" />
		<Unit filename="SQLite3_comp.c">
			<Option compilerVar="CC" />
		</Unit>
		<Unit filename="SpawnedProcess.h" />
		<Unit filename="SpawnedProcessUnix.cpp" />
		<Unit filename="SpawnedProcessWin32.cpp" />
		<Unit filename="logo.ico" />
		<Extensions>
			<code_completion />
			<debugger />
			<lib_finder disable_auto="1" />
		</Extensions>
	</Project>
</CodeBlocks_project_file>
