<?xml version="1.0" encoding="utf-8"?>
<Project ToolsVersion="4.0" xmlns="http://schemas.microsoft.com/developer/msbuild/2003">
  <ItemGroup>
    <Filter Include="Source Files">
      <UniqueIdentifier>{4FC737F1-C7A5-4376-A066-2A32D752A2FF}</UniqueIdentifier>
      <Extensions>cpp;c;cc;cxx;def;odl;idl;hpj;bat;asm;asmx</Extensions>
    </Filter>
    <Filter Include="Header Files">
      <UniqueIdentifier>{93995380-89BD-4b04-88EB-625FBE52EBFB}</UniqueIdentifier>
      <Extensions>h;hpp;hxx;hm;inl;inc;xsd</Extensions>
    </Filter>
    <Filter Include="Resource Files">
      <UniqueIdentifier>{67DA6AB6-F800-4c08-8B7A-83BB121AAD01}</UniqueIdentifier>
      <Extensions>rc;ico;cur;bmp;dlg;rc2;rct;bin;rgs;gif;jpg;jpeg;jpe;resx;tiff;tif;png;wav</Extensions>
    </Filter>
  </ItemGroup>
  <ItemGroup>
    <ClCompile Include="UserChannel.cpp">
      <Filter>Source Files</Filter>
    </ClCompile>
    <ClCompile Include="MessageConnection.cpp">
      <Filter>Source Files</Filter>
    </ClCompile>
    <ClCompile Include="UserMain.cpp">
      <Filter>Source Files</Filter>
    </ClCompile>
    <ClCompile Include="UserManager.cpp">
      <Filter>Source Files</Filter>
    </ClCompile>
    <ClCompile Include="UserNet.cpp">
      <Filter>Source Files</Filter>
    </ClCompile>
    <ClCompile Include="UserProcessWin32.cpp">
      <Filter>Source Files</Filter>
    </ClCompile>
    <ClCompile Include="UserRegistry.cpp">
      <Filter>Source Files</Filter>
    </ClCompile>
    <ClCompile Include="UserROT.cpp">
      <Filter>Source Files</Filter>
    </ClCompile>
    <ClCompile Include="UserIPS.cpp">
      <Filter>Source Files</Filter>
    </ClCompile>
    <ClCompile Include="UserServices.cpp">
      <Filter>Source Files</Filter>
    </ClCompile>
  </ItemGroup>
  <ItemGroup>
    <ClInclude Include="..\OOCore\CDRMessage.h">
      <Filter>Header Files</Filter>
    </ClInclude>
    <ClInclude Include="UserChannel.h">
      <Filter>Header Files</Filter>
    </ClInclude>
    <ClInclude Include="MessageConnection.h">
      <Filter>Header Files</Filter>
    </ClInclude>
    <ClInclude Include="OOServer_User.h">
      <Filter>Header Files</Filter>
    </ClInclude>
    <ClInclude Include="Protocol.h">
      <Filter>Header Files</Filter>
    </ClInclude>
    <ClInclude Include="..\OOCore\Server.h">
      <Filter>Header Files</Filter>
    </ClInclude>
    <ClInclude Include="UserManager.h">
      <Filter>Header Files</Filter>
    </ClInclude>
    <ClInclude Include="UserNet.h">
      <Filter>Header Files</Filter>
    </ClInclude>
    <ClInclude Include="UserProcess.h">
      <Filter>Header Files</Filter>
    </ClInclude>
    <ClInclude Include="UserRegistry.h">
      <Filter>Header Files</Filter>
    </ClInclude>
    <ClInclude Include="UserROT.h">
      <Filter>Header Files</Filter>
    </ClInclude>
    <ClInclude Include="UserIPS.h">
      <Filter>Header Files</Filter>
    </ClInclude>
    <ClInclude Include="UserServices.h">
      <Filter>Header Files</Filter>
    </ClInclude>
  </ItemGroup>
  <ItemGroup>
    <None Include="logo.ico">
      <Filter>Resource Files</Filter>
    </None>
  </ItemGroup>
  <ItemGroup>
    <ResourceCompile Include="OOSvrUser.rc">
      <Filter>Resource Files</Filter>
    </ResourceCompile>
  </ItemGroup>
</Project>