Microsoft Visual Studio Solution File, Format Version 10.00
# Visual Studio 2008
Project("{8BC9CEB8-8B4A-11D0-8D11-00A0C91BC942}") = "OOServer", "src\OOServer\OOServer_vc9.vcproj", "{43AB6DFC-B8A8-4A09-AF3E-A31B29AD2E2A}"
EndProject
Project("{8BC9CEB8-8B4A-11D0-8D11-00A0C91BC942}") = "OOCore", "src\OOCore\OOCore_vc9.vcproj", "{B4FB5D7C-0441-426A-8457-A2E6F94D9A5B}"
EndProject
Project("{8BC9CEB8-8B4A-11D0-8D11-00A0C91BC942}") = "OORegEdit", "tools\OORegEdit\OORegEdit_vc9.vcproj", "{F58C0775-A7D3-4B50-8370-EFFCD4727AFA}"
	ProjectSection(ProjectDependencies) = postProject
		{B4FB5D7C-0441-426A-8457-A2E6F94D9A5B} = {B4FB5D7C-0441-426A-8457-A2E6F94D9A5B}
	EndProjectSection
EndProject
Project("{8BC9CEB8-8B4A-11D0-8D11-00A0C91BC942}") = "OOSvrUser", "src\OOServer\OOSvrUser_vc9.vcproj", "{F19DB319-BB3B-4965-A4C2-26BCB674DF99}"
	ProjectSection(ProjectDependencies) = postProject
		{B4FB5D7C-0441-426A-8457-A2E6F94D9A5B} = {B4FB5D7C-0441-426A-8457-A2E6F94D9A5B}
	EndProjectSection
EndProject
Project("{8BC9CEB8-8B4A-11D0-8D11-00A0C91BC942}") = "OOSvrLite", "src\OOServer\OOSvrLite_vc9.vcproj", "{27040171-332D-4AFD-AD95-B6A9A25925C2}"
	ProjectSection(ProjectDependencies) = postProject
		{B4FB5D7C-0441-426A-8457-A2E6F94D9A5B} = {B4FB5D7C-0441-426A-8457-A2E6F94D9A5B}
	EndProjectSection
EndProject
Project("{8BC9CEB8-8B4A-11D0-8D11-00A0C91BC942}") = "OOReg", "tools\OOReg\OOReg_vc9.vcproj", "{A772E67C-5A9D-4631-921B-C685BE86FDFE}"
	ProjectSection(ProjectDependencies) = postProject
		{B4FB5D7C-0441-426A-8457-A2E6F94D9A5B} = {B4FB5D7C-0441-426A-8457-A2E6F94D9A5B}
	EndProjectSection
EndProject
Project("{8BC9CEB8-8B4A-11D0-8D11-00A0C91BC942}") = "CoreTests", "test\CoreTests_vc9.vcproj", "{F8DE7EC4-6360-4E27-A1D1-D1DC2290D1CA}"
	ProjectSection(ProjectDependencies) = postProject
		{B4FB5D7C-0441-426A-8457-A2E6F94D9A5B} = {B4FB5D7C-0441-426A-8457-A2E6F94D9A5B}
	EndProjectSection
EndProject
Project("{8BC9CEB8-8B4A-11D0-8D11-00A0C91BC942}") = "TestLibrary", "test\TestLibrary\TestLibrary_vc9.vcproj", "{E1E124DB-9220-4148-9336-9F44912D6E41}"
	ProjectSection(ProjectDependencies) = postProject
		{B4FB5D7C-0441-426A-8457-A2E6F94D9A5B} = {B4FB5D7C-0441-426A-8457-A2E6F94D9A5B}
	EndProjectSection
EndProject
Project("{8BC9CEB8-8B4A-11D0-8D11-00A0C91BC942}") = "TestProcess", "test\TestProcess\TestProcess_vc9.vcproj", "{31F38DFF-FEB8-4917-9AEF-37229C9E85CE}"
	ProjectSection(ProjectDependencies) = postProject
		{B4FB5D7C-0441-426A-8457-A2E6F94D9A5B} = {B4FB5D7C-0441-426A-8457-A2E6F94D9A5B}
	EndProjectSection
EndProject
Project("{8BC9CEB8-8B4A-11D0-8D11-00A0C91BC942}") = "OOCOMInterop", "tools\OOCOMInterop\OOCOMInterop.vcproj", "{A68C1D21-84FF-44D5-AA7C-2006BEC0671D}"
	ProjectSection(ProjectDependencies) = postProject
		{B4FB5D7C-0441-426A-8457-A2E6F94D9A5B} = {B4FB5D7C-0441-426A-8457-A2E6F94D9A5B}
	EndProjectSection
EndProject
Global
	GlobalSection(SolutionConfigurationPlatforms) = preSolution
		Debug|Win32 = Debug|Win32
		Debug|x64 = Debug|x64
		Release|Win32 = Release|Win32
		Release|x64 = Release|x64
	EndGlobalSection
	GlobalSection(ProjectConfigurationPlatforms) = postSolution
		{43AB6DFC-B8A8-4A09-AF3E-A31B29AD2E2A}.Debug|Win32.ActiveCfg = Debug|Win32
		{43AB6DFC-B8A8-4A09-AF3E-A31B29AD2E2A}.Debug|Win32.Build.0 = Debug|Win32
		{43AB6DFC-B8A8-4A09-AF3E-A31B29AD2E2A}.Debug|x64.ActiveCfg = Debug|x64
		{43AB6DFC-B8A8-4A09-AF3E-A31B29AD2E2A}.Debug|x64.Build.0 = Debug|x64
		{43AB6DFC-B8A8-4A09-AF3E-A31B29AD2E2A}.Release|Win32.ActiveCfg = Release|Win32
		{43AB6DFC-B8A8-4A09-AF3E-A31B29AD2E2A}.Release|Win32.Build.0 = Release|Win32
		{43AB6DFC-B8A8-4A09-AF3E-A31B29AD2E2A}.Release|x64.ActiveCfg = Release|x64
		{43AB6DFC-B8A8-4A09-AF3E-A31B29AD2E2A}.Release|x64.Build.0 = Release|x64
		{B4FB5D7C-0441-426A-8457-A2E6F94D9A5B}.Debug|Win32.ActiveCfg = Debug|Win32
		{B4FB5D7C-0441-426A-8457-A2E6F94D9A5B}.Debug|Win32.Build.0 = Debug|Win32
		{B4FB5D7C-0441-426A-8457-A2E6F94D9A5B}.Debug|x64.ActiveCfg = Debug|x64
		{B4FB5D7C-0441-426A-8457-A2E6F94D9A5B}.Debug|x64.Build.0 = Debug|x64
		{B4FB5D7C-0441-426A-8457-A2E6F94D9A5B}.Release|Win32.ActiveCfg = Release|Win32
		{B4FB5D7C-0441-426A-8457-A2E6F94D9A5B}.Release|Win32.Build.0 = Release|Win32
		{B4FB5D7C-0441-426A-8457-A2E6F94D9A5B}.Release|x64.ActiveCfg = Release|x64
		{B4FB5D7C-0441-426A-8457-A2E6F94D9A5B}.Release|x64.Build.0 = Release|x64
		{F58C0775-A7D3-4B50-8370-EFFCD4727AFA}.Debug|Win32.ActiveCfg = Debug|Win32
		{F58C0775-A7D3-4B50-8370-EFFCD4727AFA}.Debug|Win32.Build.0 = Debug|Win32
		{F58C0775-A7D3-4B50-8370-EFFCD4727AFA}.Debug|x64.ActiveCfg = Debug|x64
		{F58C0775-A7D3-4B50-8370-EFFCD4727AFA}.Debug|x64.Build.0 = Debug|x64
		{F58C0775-A7D3-4B50-8370-EFFCD4727AFA}.Release|Win32.ActiveCfg = Release|Win32
		{F58C0775-A7D3-4B50-8370-EFFCD4727AFA}.Release|Win32.Build.0 = Release|Win32
		{F58C0775-A7D3-4B50-8370-EFFCD4727AFA}.Release|x64.ActiveCfg = Release|x64
		{F58C0775-A7D3-4B50-8370-EFFCD4727AFA}.Release|x64.Build.0 = Release|x64
		{F19DB319-BB3B-4965-A4C2-26BCB674DF99}.Debug|Win32.ActiveCfg = Debug|Win32
		{F19DB319-BB3B-4965-A4C2-26BCB674DF99}.Debug|Win32.Build.0 = Debug|Win32
		{F19DB319-BB3B-4965-A4C2-26BCB674DF99}.Debug|x64.ActiveCfg = Debug|x64
		{F19DB319-BB3B-4965-A4C2-26BCB674DF99}.Debug|x64.Build.0 = Debug|x64
		{F19DB319-BB3B-4965-A4C2-26BCB674DF99}.Release|Win32.ActiveCfg = Release|Win32
		{F19DB319-BB3B-4965-A4C2-26BCB674DF99}.Release|Win32.Build.0 = Release|Win32
		{F19DB319-BB3B-4965-A4C2-26BCB674DF99}.Release|x64.ActiveCfg = Release|x64
		{F19DB319-BB3B-4965-A4C2-26BCB674DF99}.Release|x64.Build.0 = Release|x64
		{27040171-332D-4AFD-AD95-B6A9A25925C2}.Debug|Win32.ActiveCfg = Debug|Win32
		{27040171-332D-4AFD-AD95-B6A9A25925C2}.Debug|Win32.Build.0 = Debug|Win32
		{27040171-332D-4AFD-AD95-B6A9A25925C2}.Debug|x64.ActiveCfg = Debug|x64
		{27040171-332D-4AFD-AD95-B6A9A25925C2}.Debug|x64.Build.0 = Debug|x64
		{27040171-332D-4AFD-AD95-B6A9A25925C2}.Release|Win32.ActiveCfg = Release|Win32
		{27040171-332D-4AFD-AD95-B6A9A25925C2}.Release|Win32.Build.0 = Release|Win32
		{27040171-332D-4AFD-AD95-B6A9A25925C2}.Release|x64.ActiveCfg = Release|x64
		{27040171-332D-4AFD-AD95-B6A9A25925C2}.Release|x64.Build.0 = Release|x64
		{A772E67C-5A9D-4631-921B-C685BE86FDFE}.Debug|Win32.ActiveCfg = Debug|Win32
		{A772E67C-5A9D-4631-921B-C685BE86FDFE}.Debug|Win32.Build.0 = Debug|Win32
		{A772E67C-5A9D-4631-921B-C685BE86FDFE}.Debug|x64.ActiveCfg = Debug|Win32
		{A772E67C-5A9D-4631-921B-C685BE86FDFE}.Release|Win32.ActiveCfg = Release|Win32
		{A772E67C-5A9D-4631-921B-C685BE86FDFE}.Release|Win32.Build.0 = Release|Win32
		{A772E67C-5A9D-4631-921B-C685BE86FDFE}.Release|x64.ActiveCfg = Release|Win32
		{F8DE7EC4-6360-4E27-A1D1-D1DC2290D1CA}.Debug|Win32.ActiveCfg = Debug|Win32
		{F8DE7EC4-6360-4E27-A1D1-D1DC2290D1CA}.Debug|Win32.Build.0 = Debug|Win32
		{F8DE7EC4-6360-4E27-A1D1-D1DC2290D1CA}.Debug|x64.ActiveCfg = Debug|x64
		{F8DE7EC4-6360-4E27-A1D1-D1DC2290D1CA}.Debug|x64.Build.0 = Debug|x64
		{F8DE7EC4-6360-4E27-A1D1-D1DC2290D1CA}.Release|Win32.ActiveCfg = Release|Win32
		{F8DE7EC4-6360-4E27-A1D1-D1DC2290D1CA}.Release|Win32.Build.0 = Release|Win32
		{F8DE7EC4-6360-4E27-A1D1-D1DC2290D1CA}.Release|x64.ActiveCfg = Release|x64
		{F8DE7EC4-6360-4E27-A1D1-D1DC2290D1CA}.Release|x64.Build.0 = Release|x64
		{E1E124DB-9220-4148-9336-9F44912D6E41}.Debug|Win32.ActiveCfg = Debug|Win32
		{E1E124DB-9220-4148-9336-9F44912D6E41}.Debug|Win32.Build.0 = Debug|Win32
		{E1E124DB-9220-4148-9336-9F44912D6E41}.Debug|x64.ActiveCfg = Debug|x64
		{E1E124DB-9220-4148-9336-9F44912D6E41}.Debug|x64.Build.0 = Debug|x64
		{E1E124DB-9220-4148-9336-9F44912D6E41}.Release|Win32.ActiveCfg = Release|Win32
		{E1E124DB-9220-4148-9336-9F44912D6E41}.Release|Win32.Build.0 = Release|Win32
		{E1E124DB-9220-4148-9336-9F44912D6E41}.Release|x64.ActiveCfg = Release|x64
		{E1E124DB-9220-4148-9336-9F44912D6E41}.Release|x64.Build.0 = Release|x64
		{31F38DFF-FEB8-4917-9AEF-37229C9E85CE}.Debug|Win32.ActiveCfg = Debug|Win32
		{31F38DFF-FEB8-4917-9AEF-37229C9E85CE}.Debug|Win32.Build.0 = Debug|Win32
		{31F38DFF-FEB8-4917-9AEF-37229C9E85CE}.Debug|x64.ActiveCfg = Debug|x64
		{31F38DFF-FEB8-4917-9AEF-37229C9E85CE}.Debug|x64.Build.0 = Debug|x64
		{31F38DFF-FEB8-4917-9AEF-37229C9E85CE}.Release|Win32.ActiveCfg = Release|Win32
		{31F38DFF-FEB8-4917-9AEF-37229C9E85CE}.Release|Win32.Build.0 = Release|Win32
		{31F38DFF-FEB8-4917-9AEF-37229C9E85CE}.Release|x64.ActiveCfg = Release|x64
		{31F38DFF-FEB8-4917-9AEF-37229C9E85CE}.Release|x64.Build.0 = Release|x64
		{A68C1D21-84FF-44D5-AA7C-2006BEC0671D}.Debug|Win32.ActiveCfg = Debug|Win32
		{A68C1D21-84FF-44D5-AA7C-2006BEC0671D}.Debug|Win32.Build.0 = Debug|Win32
		{A68C1D21-84FF-44D5-AA7C-2006BEC0671D}.Debug|x64.ActiveCfg = Debug|Win32
		{A68C1D21-84FF-44D5-AA7C-2006BEC0671D}.Release|Win32.ActiveCfg = Release|Win32
		{A68C1D21-84FF-44D5-AA7C-2006BEC0671D}.Release|Win32.Build.0 = Release|Win32
		{A68C1D21-84FF-44D5-AA7C-2006BEC0671D}.Release|x64.ActiveCfg = Release|Win32
	EndGlobalSection
	GlobalSection(SolutionProperties) = preSolution
		HideSolutionNode = FALSE
	EndGlobalSection
EndGlobal
