<?xml version="1.0" encoding="UTF-8" standalone="yes" ?>
<CodeBlocks_project_file>
	<FileVersion major="1" minor="6" />
	<Project>
		<Option title="OOCore" />
		<Option pch_mode="2" />
		<Option compiler="gcc" />
		<Build>
			<Target title="Debug Win32">
				<Option platforms="Windows;" />
				<Option output="..\..\bin\Debug\OOCore" prefix_auto="1" extension_auto="1" />
				<Option working_dir="..\..\bin\Debug" />
				<Option object_output="Debug" />
				<Option type="3" />
				<Option compiler="gcc" />
				<Option createDefFile="1" />
				<Option createStaticLib="1" />
				<Compiler>
					<Add option="-Wall" />
					<Add option="-g" />
					<Add option="-fno-rtti" />
					<Add option="-mthreads" />
					<Add option="-DOMEGA_DEBUG" />
					<Add directory="..\..\include" />
					<Add directory="C:\Work\ACE_wrappers" />
				</Compiler>
				<ResourceCompiler>
					<Add directory="..\..\include" />
				</ResourceCompiler>
				<Linker>
					<Add option="-mthreads" />
					<Add library="ACE" />
					<Add library="shlwapi" />
					<Add library="ws2_32" />
					<Add library="mswsock" />
					<Add library="rpcrt4" />
					<Add library="netapi32" />
					<Add directory="C:\Work\ACE_wrappers\lib" />
				</Linker>
			</Target>
			<Target title="Release Win32">
				<Option platforms="Windows;" />
				<Option output="..\..\bin\OOCore" prefix_auto="1" extension_auto="1" />
				<Option working_dir="..\..\bin" />
				<Option object_output="Release" />
				<Option type="3" />
				<Option compiler="gcc" />
				<Option createDefFile="1" />
				<Option createStaticLib="1" />
				<Compiler>
					<Add option="-fexpensive-optimizations" />
					<Add option="-O3" />
					<Add option="-Wall" />
					<Add option="-fno-rtti" />
					<Add option="-mthreads" />
					<Add option="-DNDEBUG" />
					<Add directory="..\..\include" />
					<Add directory="C:\Work\ACE_wrappers" />
				</Compiler>
				<ResourceCompiler>
					<Add directory="..\..\include" />
				</ResourceCompiler>
				<Linker>
					<Add option="-s" />
					<Add option="-mthreads" />
					<Add library="ACE" />
					<Add library="shlwapi" />
					<Add library="ws2_32" />
					<Add library="mswsock" />
					<Add library="rpcrt4" />
					<Add library="netapi32" />
					<Add directory="C:\Work\ACE_wrappers\lib" />
				</Linker>
			</Target>
			<Target title="Debug Unix">
				<Option platforms="Unix;Mac;" />
				<Option output="..\..\bin\Debug\libOOCored" prefix_auto="1" extension_auto="1" />
				<Option working_dir="..\..\bin\Debug" />
				<Option object_output="Debug" />
				<Option type="3" />
				<Option compiler="gcc" />
				<Option parameters="--service" />
				<Option createDefFile="1" />
				<Option createStaticLib="1" />
				<Compiler>
					<Add option="-Wall" />
					<Add option="-g" />
					<Add option="-fno-rtti" />
					<Add option="-Wno-non-virtual-dtor" />
					<Add option="-fPIC" />
					<Add option="-pthread" />
					<Add option="-fvisibility=hidden" />
					<Add option="-DOMEGA_DEBUG" />
					<Add directory="..\..\include" />
				</Compiler>
				<Linker>
					<Add library="ACE" />
				</Linker>
			</Target>
			<Target title="Release Unix">
				<Option platforms="Unix;Mac;" />
				<Option output="..\..\bin\libOOCore" prefix_auto="1" extension_auto="1" />
				<Option working_dir="..\..\bin" />
				<Option object_output="Release" />
				<Option type="3" />
				<Option compiler="gcc" />
				<Option parameters="--service" />
				<Option createDefFile="1" />
				<Option createStaticLib="1" />
				<Compiler>
					<Add option="-fexpensive-optimizations" />
					<Add option="-O3" />
					<Add option="-Wall" />
					<Add option="-fno-rtti" />
					<Add option="-Wno-non-virtual-dtor" />
					<Add option="-fPIC" />
					<Add option="-pthread" />
					<Add option="-fvisibility=hidden" />
					<Add option="-DNDEBUG" />
					<Add directory="..\..\include" />
				</Compiler>
				<Linker>
					<Add library="ACE" />
				</Linker>
			</Target>
		</Build>
		<Compiler>
			<Add option="-DCODEBLOCKS" />
		</Compiler>
		<Unit filename="..\..\include\OOCore\Base.h" />
		<Unit filename="..\..\include\OOCore\Export.h" />
		<Unit filename="..\..\include\OOCore\Interfaces.h" />
		<Unit filename="..\..\include\OOCore\OOCore.h" />
		<Unit filename="..\..\include\OOCore\Remoting.h" />
		<Unit filename="..\..\include\OOCore\Rtti.h" />
		<Unit filename="..\..\include\OOCore\Rtti.inl" />
		<Unit filename="..\..\include\OOCore\Threading.h" />
		<Unit filename="..\..\include\OOCore\Threading.inl" />
		<Unit filename="..\..\include\OOCore\TypeSizes.h" />
		<Unit filename="..\..\include\OOCore\Types.h" />
		<Unit filename="..\..\include\OOCore\Types.inl" />
		<Unit filename="..\..\include\OOCore\Wire.h" />
		<Unit filename="..\..\include\OOCore\config-gcc.h" />
		<Unit filename="..\..\include\OOCore\config-guess.h" />
		<Unit filename="..\..\include\OOCore\config-win32.h">
			<Option target="Debug Win32" />
			<Option target="Release Win32" />
		</Unit>
		<Unit filename="..\..\include\OTL\OTL.h" />
		<Unit filename="..\..\include\OTL\OTL.inl" />
		<Unit filename="..\..\include\OTL\OTL_special.h" />
		<Unit filename="..\Common\Server.h" />
		<Unit filename="..\Common\Version.h" />
		<Unit filename="..\Common\config-build.h" />
		<Unit filename="..\Common\config-codeblocks.h" />
		<Unit filename="Activation.cpp" />
		<Unit filename="ApartmentImpl.cpp" />
		<Unit filename="ApartmentImpl.h" />
		<Unit filename="CDRMessage.h" />
		<Unit filename="Channel.cpp" />
		<Unit filename="Channel.h" />
		<Unit filename="Exception.cpp" />
		<Unit filename="Exception.h" />
		<Unit filename="HttpImpl.cpp" />
		<Unit filename="HttpImpl.h" />
		<Unit filename="OOCore.cpp" />
		<Unit filename="OOCore.rc">
			<Option compilerVar="WINDRES" />
			<Option target="Debug Win32" />
			<Option target="Release Win32" />
		</Unit>
		<Unit filename="OOCore_precomp.h" />
		<Unit filename="Registry.cpp" />
		<Unit filename="RunningObjectTable.cpp" />
		<Unit filename="StdObjectManager.cpp" />
		<Unit filename="StdObjectManager.h" />
		<Unit filename="Threading.cpp" />
		<Unit filename="Types.cpp" />
		<Unit filename="UserSession.cpp" />
		<Unit filename="UserSession.h" />
		<Unit filename="WireImpl.cpp" />
		<Unit filename="WireImpl.h" />
		<Unit filename="WireProxy.cpp" />
		<Unit filename="WireProxy.h" />
		<Unit filename="WireStub.cpp" />
		<Unit filename="WireStub.h" />
		<Unit filename="Xml.cpp" />
		<Unit filename="Xml.h" />
		<Unit filename="md5.c">
			<Option compilerVar="CC" />
		</Unit>
		<Extensions>
			<code_completion />
			<envvars />
			<debugger />
		</Extensions>
	</Project>
</CodeBlocks_project_file>
