Microsoft Visual Studio Solution File, Format Version 8.00
Project("{8BC9CEB8-8B4A-11D0-8D11-00A0C91BC942}") = "OOServer", "..\src\OOServer\OOServer.vcproj", "{43AB6DFC-B8A8-4A09-AF3E-A31B29AD2E2A}"
	ProjectSection(ProjectDependencies) = postProject
		{B4FB5D7C-0441-426A-8457-A2E6F94D9A5B} = {B4FB5D7C-0441-426A-8457-A2E6F94D9A5B}
		{59F75AB5-FECA-1BAD-6757-8A6348CB1278} = {59F75AB5-FECA-1BAD-6757-8A6348CB1278}
	EndProjectSection
EndProject
Project("{8BC9CEB8-8B4A-11D0-8D11-00A0C91BC942}") = "OORegEdit", "..\tools\OORegEdit\OORegEdit.vcproj", "{F58C0775-A7D3-4B50-8370-EFFCD4727AFA}"
	ProjectSection(ProjectDependencies) = postProject
		{B4FB5D7C-0441-426A-8457-A2E6F94D9A5B} = {B4FB5D7C-0441-426A-8457-A2E6F94D9A5B}
	EndProjectSection
EndProject
Project("{8BC9CEB8-8B4A-11D0-8D11-00A0C91BC942}") = "OOCore", "..\src\OOCore\OOCore.vcproj", "{B4FB5D7C-0441-426A-8457-A2E6F94D9A5B}"
	ProjectSection(ProjectDependencies) = postProject
		{59F75AB5-FECA-1BAD-6757-8A6348CB1278} = {59F75AB5-FECA-1BAD-6757-8A6348CB1278}
	EndProjectSection
EndProject
Project("{8BC9CEB8-8B4A-11D0-8D11-00A0C91BC942}") = "OORegister", "..\tools\OORegister\OORegister.vcproj", "{1FEE1F86-6678-48EF-AE58-B62EB0D0B196}"
	ProjectSection(ProjectDependencies) = postProject
		{B4FB5D7C-0441-426A-8457-A2E6F94D9A5B} = {B4FB5D7C-0441-426A-8457-A2E6F94D9A5B}
		{59F75AB5-FECA-1BAD-6757-8A6348CB1278} = {59F75AB5-FECA-1BAD-6757-8A6348CB1278}
	EndProjectSection
EndProject
Project("{8BC9CEB8-8B4A-11D0-8D11-00A0C91BC942}") = "TestLibrary", "..\test\CoreTests\TestLibrary\TestLibrary.vcproj", "{E1E124DB-9220-4148-9336-9F44912D6E41}"
	ProjectSection(ProjectDependencies) = postProject
		{B4FB5D7C-0441-426A-8457-A2E6F94D9A5B} = {B4FB5D7C-0441-426A-8457-A2E6F94D9A5B}
		{43AB6DFC-B8A8-4A09-AF3E-A31B29AD2E2A} = {43AB6DFC-B8A8-4A09-AF3E-A31B29AD2E2A}
	EndProjectSection
EndProject
Project("{8BC9CEB8-8B4A-11D0-8D11-00A0C91BC942}") = "CoreTests", "..\test\CoreTests\CoreTests.vcproj", "{F8DE7EC4-6360-4E27-A1D1-D1DC2290D1CA}"
	ProjectSection(ProjectDependencies) = postProject
		{B4FB5D7C-0441-426A-8457-A2E6F94D9A5B} = {B4FB5D7C-0441-426A-8457-A2E6F94D9A5B}
		{1FEE1F86-6678-48EF-AE58-B62EB0D0B196} = {1FEE1F86-6678-48EF-AE58-B62EB0D0B196}
		{E1E124DB-9220-4148-9336-9F44912D6E41} = {E1E124DB-9220-4148-9336-9F44912D6E41}
		{43AB6DFC-B8A8-4A09-AF3E-A31B29AD2E2A} = {43AB6DFC-B8A8-4A09-AF3E-A31B29AD2E2A}
	EndProjectSection
EndProject
Project("{8BC9CEB8-8B4A-11D0-8D11-00A0C91BC942}") = "TestProcess", "..\test\CoreTests\TestProcess\TestProcess.vcproj", "{31F38DFF-FEB8-4917-9AEF-37229C9E85CE}"
	ProjectSection(ProjectDependencies) = postProject
		{B4FB5D7C-0441-426A-8457-A2E6F94D9A5B} = {B4FB5D7C-0441-426A-8457-A2E6F94D9A5B}
	EndProjectSection
EndProject
Project("{8BC9CEB8-8B4A-11D0-8D11-00A0C91BC942}") = "ACE_vc71_Static", "..\extern\ACE_wrappers\ace\ACE_vc71_Static.vcproj", "{59F75AB5-FECA-1BAD-6757-8A6348CB1278}"
	ProjectSection(ProjectDependencies) = postProject
	EndProjectSection
EndProject
Project("{8BC9CEB8-8B4A-11D0-8D11-00A0C91BC942}") = "OORpc", "..\src\OORpc\OORpc.vcproj", "{B68C0E0A-7EB1-46E2-989E-63E5E2045853}"
	ProjectSection(ProjectDependencies) = postProject
		{B4FB5D7C-0441-426A-8457-A2E6F94D9A5B} = {B4FB5D7C-0441-426A-8457-A2E6F94D9A5B}
		{59F75AB5-FECA-1BAD-6757-8A6348CB1278} = {59F75AB5-FECA-1BAD-6757-8A6348CB1278}
	EndProjectSection
EndProject
Global
	GlobalSection(SolutionConfiguration) = preSolution
		Debug = Debug
		Release = Release
	EndGlobalSection
	GlobalSection(ProjectConfiguration) = postSolution
		{43AB6DFC-B8A8-4A09-AF3E-A31B29AD2E2A}.Debug.ActiveCfg = Debug|Win32
		{43AB6DFC-B8A8-4A09-AF3E-A31B29AD2E2A}.Debug.Build.0 = Debug|Win32
		{43AB6DFC-B8A8-4A09-AF3E-A31B29AD2E2A}.Release.ActiveCfg = Release|Win32
		{43AB6DFC-B8A8-4A09-AF3E-A31B29AD2E2A}.Release.Build.0 = Release|Win32
		{F58C0775-A7D3-4B50-8370-EFFCD4727AFA}.Debug.ActiveCfg = Debug|Win32
		{F58C0775-A7D3-4B50-8370-EFFCD4727AFA}.Debug.Build.0 = Debug|Win32
		{F58C0775-A7D3-4B50-8370-EFFCD4727AFA}.Release.ActiveCfg = Release|Win32
		{F58C0775-A7D3-4B50-8370-EFFCD4727AFA}.Release.Build.0 = Release|Win32
		{B4FB5D7C-0441-426A-8457-A2E6F94D9A5B}.Debug.ActiveCfg = Debug|Win32
		{B4FB5D7C-0441-426A-8457-A2E6F94D9A5B}.Debug.Build.0 = Debug|Win32
		{B4FB5D7C-0441-426A-8457-A2E6F94D9A5B}.Release.ActiveCfg = Release|Win32
		{B4FB5D7C-0441-426A-8457-A2E6F94D9A5B}.Release.Build.0 = Release|Win32
		{1FEE1F86-6678-48EF-AE58-B62EB0D0B196}.Debug.ActiveCfg = Debug|Win32
		{1FEE1F86-6678-48EF-AE58-B62EB0D0B196}.Debug.Build.0 = Debug|Win32
		{1FEE1F86-6678-48EF-AE58-B62EB0D0B196}.Release.ActiveCfg = Release|Win32
		{1FEE1F86-6678-48EF-AE58-B62EB0D0B196}.Release.Build.0 = Release|Win32
		{E1E124DB-9220-4148-9336-9F44912D6E41}.Debug.ActiveCfg = Debug|Win32
		{E1E124DB-9220-4148-9336-9F44912D6E41}.Debug.Build.0 = Debug|Win32
		{E1E124DB-9220-4148-9336-9F44912D6E41}.Release.ActiveCfg = Release|Win32
		{E1E124DB-9220-4148-9336-9F44912D6E41}.Release.Build.0 = Release|Win32
		{F8DE7EC4-6360-4E27-A1D1-D1DC2290D1CA}.Debug.ActiveCfg = Debug|Win32
		{F8DE7EC4-6360-4E27-A1D1-D1DC2290D1CA}.Debug.Build.0 = Debug|Win32
		{F8DE7EC4-6360-4E27-A1D1-D1DC2290D1CA}.Release.ActiveCfg = Release|Win32
		{F8DE7EC4-6360-4E27-A1D1-D1DC2290D1CA}.Release.Build.0 = Release|Win32
		{31F38DFF-FEB8-4917-9AEF-37229C9E85CE}.Debug.ActiveCfg = Debug|Win32
		{31F38DFF-FEB8-4917-9AEF-37229C9E85CE}.Debug.Build.0 = Debug|Win32
		{31F38DFF-FEB8-4917-9AEF-37229C9E85CE}.Release.ActiveCfg = Release|Win32
		{31F38DFF-FEB8-4917-9AEF-37229C9E85CE}.Release.Build.0 = Release|Win32
		{59F75AB5-FECA-1BAD-6757-8A6348CB1278}.Debug.ActiveCfg = Debug|Win32
		{59F75AB5-FECA-1BAD-6757-8A6348CB1278}.Release.ActiveCfg = Release|Win32
		{59F75AB5-FECA-1BAD-6757-8A6348CB1278}.Release.Build.0 = Release|Win32
		{B68C0E0A-7EB1-46E2-989E-63E5E2045853}.Debug.ActiveCfg = Debug|Win32
		{B68C0E0A-7EB1-46E2-989E-63E5E2045853}.Debug.Build.0 = Debug|Win32
		{B68C0E0A-7EB1-46E2-989E-63E5E2045853}.Release.ActiveCfg = Release|Win32
		{B68C0E0A-7EB1-46E2-989E-63E5E2045853}.Release.Build.0 = Release|Win32
	EndGlobalSection
	GlobalSection(ExtensibilityGlobals) = postSolution
	EndGlobalSection
	GlobalSection(ExtensibilityAddIns) = postSolution
	EndGlobalSection
EndGlobal
