<?xml version="1.0" encoding="UTF-8" standalone="yes" ?>
<CodeBlocks_project_file>
	<FileVersion major="1" minor="6" />
	<Project>
		<Option title="OORegEdit" />
		<Option pch_mode="2" />
		<Option compiler="gcc" />
		<Build>
			<Target title="Debug Win32">
				<Option output="..\..\bin\Debug Win32\OORegEdit" prefix_auto="1" extension_auto="1" />
				<Option object_output="Debug Win32" />
				<Option type="0" />
				<Option compiler="gcc" />
				<Compiler>
					<Add option="-Wall" />
					<Add option="-O0" />
					<Add directory="..\..\include" />
					<Add directory="D:\wxWidgets-2.8.10\include" />
					<Add directory="D:\wxWidgets-2.8.10\include\msvc" />
				</Compiler>
				<ResourceCompiler>
					<Add directory="..\..\include" />
					<Add directory="D:\wxWidgets-2.8.10\include" />
					<Add directory="D:\wxWidgets-2.8.10\include\msvc" />
				</ResourceCompiler>
				<Linker>
					<Add library="comctl32" />
					<Add library="rpcrt4" />
					<Add directory="D:\wxWidgets-2.8.10\lib\vc_lib" />
				</Linker>
				<ExtraCommands>
					<Add before="$(SolutionDir)msvc_conf.exe $(SolutionPath) OORegEdit_vc8" />
				</ExtraCommands>
			</Target>
			<Target title="Release Win32">
				<Option output="..\..\bin\OORegEdit" prefix_auto="1" extension_auto="1" />
				<Option object_output="Release Win32" />
				<Option type="0" />
				<Option compiler="gcc" />
				<Compiler>
					<Add option="-DNDEBUG" />
					<Add option="-Wall" />
					<Add option="-O3" />
					<Add directory="..\..\include" />
					<Add directory="D:\wxWidgets-2.8.10\include" />
					<Add directory="D:\wxWidgets-2.8.10\include\msvc" />
				</Compiler>
				<ResourceCompiler>
					<Add directory="..\..\include" />
					<Add directory="D:\wxWidgets-2.8.10\include" />
					<Add directory="D:\wxWidgets-2.8.10\include\msvc" />
				</ResourceCompiler>
				<Linker>
					<Add library="comctl32" />
					<Add library="rpcrt4" />
					<Add directory="D:\wxWidgets-2.8.10\lib\vc_lib" />
				</Linker>
				<ExtraCommands>
					<Add before="$(SolutionDir)msvc_conf.exe $(SolutionPath) OORegEdit_vc8" />
				</ExtraCommands>
			</Target>
		</Build>
		<Unit filename="AboutDlg.cpp" />
		<Unit filename="AboutDlg.h" />
		<Unit filename="AddFavDlg.cpp" />
		<Unit filename="AddFavDlg.h" />
		<Unit filename="EditKeyDescDlg.cpp" />
		<Unit filename="EditKeyDescDlg.h" />
		<Unit filename="EditStringDlg.cpp" />
		<Unit filename="EditStringDlg.h" />
		<Unit filename="EditUIntDlg.cpp" />
		<Unit filename="EditUIntDlg.h" />
		<Unit filename="EditValueDescDlg.cpp" />
		<Unit filename="EditValueDescDlg.h" />
		<Unit filename="FindDlg.cpp" />
		<Unit filename="FindDlg.h" />
		<Unit filename="MainFrame.cpp" />
		<Unit filename="MainFrame.h" />
		<Unit filename="OORegEdit.cpp" />
		<Unit filename="OORegEdit.h" />
		<Unit filename="OORegEdit.rc">
			<Option compilerVar="WINDRES" />
		</Unit>
		<Unit filename="RemoveFavDlg.cpp" />
		<Unit filename="RemoveFavDlg.h" />
		<Unit filename="TreeItemData.cpp" />
		<Unit filename="TreeItemData.h" />
		<Unit filename="res\OORegEdit.ico" />
		<Unit filename="resource.h" />
		<Unit filename="stdafx.cpp" />
		<Unit filename="stdafx.h" />
		<Unit filename="wxGladeAssist.h" />
		<Extensions>
			<code_completion />
			<debugger />
		</Extensions>
	</Project>
</CodeBlocks_project_file>
